Microsoft Visual Studio Solution File, Format Version 12.00
#
Project("{2150E333-8FDC-42A3-9474-1A3956D46DE8}") = "services", "services", "{0848F458-FED8-4EDA-99D0-47764FEA0B6D}"
EndProject
Project("{2150E333-8FDC-42A3-9474-1A3956D46DE8}") = "building-blocks", "building-blocks", "{E8EED01C-1430-40AA-B008-5F4D0D58DCFD}"
EndProject
Project("{2150E333-8FDC-42A3-9474-1A3956D46DE8}") = "ShoppingModular.Application", "ShoppingModular.Application", "{EA3D4287-DDB1-43DF-A54C-E331016DC07B}"
EndProject
Project("{2150E333-8FDC-42A3-9474-1A3956D46DE8}") = "ShoppingModular.Domain", "ShoppingModular.Domain", "{FDF699DA-7D6F-4023-AAFA-508E10C5021A}"
EndProject
Project("{2150E333-8FDC-42A3-9474-1A3956D46DE8}") = "ShoppingModular.Infrastructure", "ShoppingModular.Infrastructure", "{12CF7498-48EC-4F13-9C47-AC0873EA9B60}"
EndProject
Project("{2150E333-8FDC-42A3-9474-1A3956D46DE8}") = "docker", "docker", "{075D6A55-B3F3-4D1C-AADE-E74223C881B9}"
EndProject
Project("{2150E333-8FDC-42A3-9474-1A3956D46DE8}") = "infra", "infra", "{15CFAAC0-72DF-4D63-B8A6-D4C88F4BC0A7}"
	ProjectSection(SolutionItems) = preProject
		docker\infra\reset.sh = docker\infra\reset.sh
		docker\infra\start.sh = docker\infra\start.sh
		docker\infra\docker-compose.yml = docker\infra\docker-compose.yml
		docker\infra\.env = docker\infra\.env
	EndProjectSection
EndProject
Project("{2150E333-8FDC-42A3-9474-1A3956D46DE8}") = "prometheus", "prometheus", "{7672E622-7752-40C9-BCED-12F7E03A1228}"
	ProjectSection(SolutionItems) = preProject
		docker\infra\prometheus\prometheus.yml = docker\infra\prometheus\prometheus.yml
	EndProjectSection
EndProject
Project("{2150E333-8FDC-42A3-9474-1A3956D46DE8}") = "tests", "tests", "{0307CD81-6A7D-4761-BE71-F5EBBCCC2EE3}"
EndProject
Project("{2150E333-8FDC-42A3-9474-1A3956D46DE8}") = "Orders", "Orders", "{47051C5F-729E-4221-A9C4-8D3584C39AEE}"
EndProject
Project("{2150E333-8FDC-42A3-9474-1A3956D46DE8}") = "Infrastructure", "Infrastructure", "{8525E9B3-291D-488D-9552-A8E9AD56FE2D}"
EndProject
Project("{FAE04EC0-301F-11D3-BF4B-00C04F79EFBC}") = "Orders.Consumer", "services\Orders\Orders.Consumer\Orders.Consumer.csproj", "{1233C841-C58E-4BC8-906E-5BE6EB6E55C1}"
EndProject
Project("{FAE04EC0-301F-11D3-BF4B-00C04F79EFBC}") = "Orders.Api", "services\Orders\Orders.Api\Orders.Api.csproj", "{FEA733E5-EAB7-43AF-8133-325503A5E4D4}"
EndProject
Project("{2150E333-8FDC-42A3-9474-1A3956D46DE8}") = "ShoppingModular.Tests", "ShoppingModular.Tests", "{C0CE2509-681E-4A93-B075-BFF15EC4F879}"
EndProject
Project("{FAE04EC0-301F-11D3-BF4B-00C04F79EFBC}") = "ShoppingModular.UnitTests", "tests\ShoppingModular.UnitTests\ShoppingModular.UnitTests.csproj", "{72F7D563-BE94-4860-A68C-9F938771164F}"
EndProject
Project("{FAE04EC0-301F-11D3-BF4B-00C04F79EFBC}") = "ShoppingModular.IntegrationTests", "tests\ShoppingModular.IntegrationTests\ShoppingModular.IntegrationTests.csproj", "{25C5D22D-75B7-4179-8639-E37FEF7C5366}"
EndProject
Project("{2150E333-8FDC-42A3-9474-1A3956D46DE8}") = "Kafka", "Kafka", "{C91A5E3F-6020-4645-84D7-BC1E71D6E2EC}"
EndProject
Project("{FAE04EC0-301F-11D3-BF4B-00C04F79EFBC}") = "KafkaProducerService", "services\Infrastructure\Kafka\KafkaProducerService\KafkaProducerService.csproj", "{132AF4D1-7BDC-4A2B-9531-4D46924C361A}"
EndProject
Project("{FAE04EC0-301F-11D3-BF4B-00C04F79EFBC}") = "ShoppingModular.Application", "building-blocks\ShoppingModular.Application\ShoppingModular.Application.csproj", "{BE38AB1D-F023-4C82-A7CC-EA10714195CA}"
EndProject
Project("{FAE04EC0-301F-11D3-BF4B-00C04F79EFBC}") = "ShoppingModular.Domain", "building-blocks\ShoppingModular.Domain\ShoppingModular.Domain.csproj", "{E107DD8B-4C37-419A-A9F8-0600101B23FE}"
EndProject
Project("{FAE04EC0-301F-11D3-BF4B-00C04F79EFBC}") = "ShoppingModular.Infrastructure", "building-blocks\ShoppingModular.Infrastructure\ShoppingModular.Infrastructure.csproj", "{4600D02E-691B-41DD-BED3-893AAE825573}"
EndProject
Project("{2150E333-8FDC-42A3-9474-1A3956D46DE8}") = "Products", "Products", "{70240308-1F47-493E-98DF-8D56E61F3498}"
EndProject
Project("{FAE04EC0-301F-11D3-BF4B-00C04F79EFBC}") = "Products.Consumer", "services\Products\Products.Consumer\Products.Consumer.csproj", "{89197932-440A-4944-9288-7988A5C30C9B}"
EndProject
Project("{FAE04EC0-301F-11D3-BF4B-00C04F79EFBC}") = "Products.Api", "services\Products\Products.Api\Products.Api.csproj", "{B09E538E-4873-4838-9797-4FAA8A243B63}"
EndProject
Project("{2150E333-8FDC-42A3-9474-1A3956D46DE8}") = "Payments", "Payments", "{82B3E609-65A4-45C5-8A28-4693DD6CA4AA}"
EndProject
Project("{2150E333-8FDC-42A3-9474-1A3956D46DE8}") = "Inventory", "Inventory", "{7BAADA4B-3FDE-4FBC-A6F8-018918921DD6}"
EndProject
Project("{2150E333-8FDC-42A3-9474-1A3956D46DE8}") = "Notifications", "Notifications", "{7B8C5E97-3C57-40B2-A872-AA1A745B0F71}"
EndProject
Project("{2150E333-8FDC-42A3-9474-1A3956D46DE8}") = "Users", "Users", "{C740CBFB-BFEF-4CD4-A3EC-F652A17F8727}"
EndProject
Project("{FAE04EC0-301F-11D3-BF4B-00C04F79EFBC}") = "Payments.API", "services\Payments\Payments.API\Payments.API.csproj", "{FCFF9B9D-7B9B-4BB7-A508-00A8941ABF12}"
EndProject
Project("{FAE04EC0-301F-11D3-BF4B-00C04F79EFBC}") = "Payments.Consumer", "services\Payments\Payments.Consumer\Payments.Consumer.csproj", "{6EE9F076-918F-43B9-8407-2FAE19D8F9F5}"
EndProject
Project("{FAE04EC0-301F-11D3-BF4B-00C04F79EFBC}") = "Inventory.API", "services\Inventory\Inventory.API\Inventory.API.csproj", "{CEF88152-FCA9-49FE-B5C0-2CC18B4659C5}"
EndProject
Project("{FAE04EC0-301F-11D3-BF4B-00C04F79EFBC}") = "Inventory.Consumer", "services\Inventory\Inventory.Consumer\Inventory.Consumer.csproj", "{AE04DC7A-6D68-4F7B-9EA4-0BFAFA73E7AB}"
EndProject
Project("{FAE04EC0-301F-11D3-BF4B-00C04F79EFBC}") = "Notifications.API", "services\Notifications\Notifications.API\Notifications.API.csproj", "{469E0B66-69F0-4840-AB16-6C93CF39B9FB}"
EndProject
Project("{FAE04EC0-301F-11D3-BF4B-00C04F79EFBC}") = "Notifications.Consumer", "services\Notifications\Notifications.Consumer\Notifications.Consumer.csproj", "{6F493C91-A836-4E0B-A2C5-7261C168FB6B}"
EndProject
Project("{FAE04EC0-301F-11D3-BF4B-00C04F79EFBC}") = "Users.API", "services\Users\Users.API\Users.API.csproj", "{41CAC4FC-24A9-4F6B-9E1D-DE9D5DDD8C5A}"
EndProject
Project("{FAE04EC0-301F-11D3-BF4B-00C04F79EFBC}") = "Users.Consumer", "services\Users\Users.Consumer\Users.Consumer.csproj", "{076B4DFF-BD5F-444D-83B7-3B88D91BC11F}"
EndProject
Global
	GlobalSection(SolutionConfigurationPlatforms) = preSolution
		Debug|Any CPU = Debug|Any CPU
		Release|Any CPU = Release|Any CPU
	EndGlobalSection
	GlobalSection(ProjectConfigurationPlatforms) = postSolution
		{1233C841-C58E-4BC8-906E-5BE6EB6E55C1}.Debug|Any CPU.ActiveCfg = Debug|Any CPU
		{1233C841-C58E-4BC8-906E-5BE6EB6E55C1}.Debug|Any CPU.Build.0 = Debug|Any CPU
		{1233C841-C58E-4BC8-906E-5BE6EB6E55C1}.Release|Any CPU.ActiveCfg = Release|Any CPU
		{1233C841-C58E-4BC8-906E-5BE6EB6E55C1}.Release|Any CPU.Build.0 = Release|Any CPU
		{FEA733E5-EAB7-43AF-8133-325503A5E4D4}.Debug|Any CPU.ActiveCfg = Debug|Any CPU
		{FEA733E5-EAB7-43AF-8133-325503A5E4D4}.Debug|Any CPU.Build.0 = Debug|Any CPU
		{FEA733E5-EAB7-43AF-8133-325503A5E4D4}.Release|Any CPU.ActiveCfg = Release|Any CPU
		{FEA733E5-EAB7-43AF-8133-325503A5E4D4}.Release|Any CPU.Build.0 = Release|Any CPU
		{72F7D563-BE94-4860-A68C-9F938771164F}.Debug|Any CPU.ActiveCfg = Debug|Any CPU
		{72F7D563-BE94-4860-A68C-9F938771164F}.Debug|Any CPU.Build.0 = Debug|Any CPU
		{72F7D563-BE94-4860-A68C-9F938771164F}.Release|Any CPU.ActiveCfg = Release|Any CPU
		{72F7D563-BE94-4860-A68C-9F938771164F}.Release|Any CPU.Build.0 = Release|Any CPU
		{25C5D22D-75B7-4179-8639-E37FEF7C5366}.Debug|Any CPU.ActiveCfg = Debug|Any CPU
		{25C5D22D-75B7-4179-8639-E37FEF7C5366}.Debug|Any CPU.Build.0 = Debug|Any CPU
		{25C5D22D-75B7-4179-8639-E37FEF7C5366}.Release|Any CPU.ActiveCfg = Release|Any CPU
		{25C5D22D-75B7-4179-8639-E37FEF7C5366}.Release|Any CPU.Build.0 = Release|Any CPU
		{132AF4D1-7BDC-4A2B-9531-4D46924C361A}.Debug|Any CPU.ActiveCfg = Debug|Any CPU
		{132AF4D1-7BDC-4A2B-9531-4D46924C361A}.Debug|Any CPU.Build.0 = Debug|Any CPU
		{132AF4D1-7BDC-4A2B-9531-4D46924C361A}.Release|Any CPU.ActiveCfg = Release|Any CPU
		{132AF4D1-7BDC-4A2B-9531-4D46924C361A}.Release|Any CPU.Build.0 = Release|Any CPU
		{BE38AB1D-F023-4C82-A7CC-EA10714195CA}.Debug|Any CPU.ActiveCfg = Debug|Any CPU
		{BE38AB1D-F023-4C82-A7CC-EA10714195CA}.Debug|Any CPU.Build.0 = Debug|Any CPU
		{BE38AB1D-F023-4C82-A7CC-EA10714195CA}.Release|Any CPU.ActiveCfg = Release|Any CPU
		{BE38AB1D-F023-4C82-A7CC-EA10714195CA}.Release|Any CPU.Build.0 = Release|Any CPU
		{E107DD8B-4C37-419A-A9F8-0600101B23FE}.Debug|Any CPU.ActiveCfg = Debug|Any CPU
		{E107DD8B-4C37-419A-A9F8-0600101B23FE}.Debug|Any CPU.Build.0 = Debug|Any CPU
		{E107DD8B-4C37-419A-A9F8-0600101B23FE}.Release|Any CPU.ActiveCfg = Release|Any CPU
		{E107DD8B-4C37-419A-A9F8-0600101B23FE}.Release|Any CPU.Build.0 = Release|Any CPU
		{4600D02E-691B-41DD-BED3-893AAE825573}.Debug|Any CPU.ActiveCfg = Debug|Any CPU
		{4600D02E-691B-41DD-BED3-893AAE825573}.Debug|Any CPU.Build.0 = Debug|Any CPU
		{4600D02E-691B-41DD-BED3-893AAE825573}.Release|Any CPU.ActiveCfg = Release|Any CPU
		{4600D02E-691B-41DD-BED3-893AAE825573}.Release|Any CPU.Build.0 = Release|Any CPU
		{89197932-440A-4944-9288-7988A5C30C9B}.Debug|Any CPU.ActiveCfg = Debug|Any CPU
		{89197932-440A-4944-9288-7988A5C30C9B}.Debug|Any CPU.Build.0 = Debug|Any CPU
		{89197932-440A-4944-9288-7988A5C30C9B}.Release|Any CPU.ActiveCfg = Release|Any CPU
		{89197932-440A-4944-9288-7988A5C30C9B}.Release|Any CPU.Build.0 = Release|Any CPU
		{B09E538E-4873-4838-9797-4FAA8A243B63}.Debug|Any CPU.ActiveCfg = Debug|Any CPU
		{B09E538E-4873-4838-9797-4FAA8A243B63}.Debug|Any CPU.Build.0 = Debug|Any CPU
		{B09E538E-4873-4838-9797-4FAA8A243B63}.Release|Any CPU.ActiveCfg = Release|Any CPU
		{B09E538E-4873-4838-9797-4FAA8A243B63}.Release|Any CPU.Build.0 = Release|Any CPU
		{FCFF9B9D-7B9B-4BB7-A508-00A8941ABF12}.Debug|Any CPU.ActiveCfg = Debug|Any CPU
		{FCFF9B9D-7B9B-4BB7-A508-00A8941ABF12}.Debug|Any CPU.Build.0 = Debug|Any CPU
		{FCFF9B9D-7B9B-4BB7-A508-00A8941ABF12}.Release|Any CPU.ActiveCfg = Release|Any CPU
		{FCFF9B9D-7B9B-4BB7-A508-00A8941ABF12}.Release|Any CPU.Build.0 = Release|Any CPU
		{6EE9F076-918F-43B9-8407-2FAE19D8F9F5}.Debug|Any CPU.ActiveCfg = Debug|Any CPU
		{6EE9F076-918F-43B9-8407-2FAE19D8F9F5}.Debug|Any CPU.Build.0 = Debug|Any CPU
		{6EE9F076-918F-43B9-8407-2FAE19D8F9F5}.Release|Any CPU.ActiveCfg = Release|Any CPU
		{6EE9F076-918F-43B9-8407-2FAE19D8F9F5}.Release|Any CPU.Build.0 = Release|Any CPU
		{CEF88152-FCA9-49FE-B5C0-2CC18B4659C5}.Debug|Any CPU.ActiveCfg = Debug|Any CPU
		{CEF88152-FCA9-49FE-B5C0-2CC18B4659C5}.Debug|Any CPU.Build.0 = Debug|Any CPU
		{CEF88152-FCA9-49FE-B5C0-2CC18B4659C5}.Release|Any CPU.ActiveCfg = Release|Any CPU
		{CEF88152-FCA9-49FE-B5C0-2CC18B4659C5}.Release|Any CPU.Build.0 = Release|Any CPU
		{AE04DC7A-6D68-4F7B-9EA4-0BFAFA73E7AB}.Debug|Any CPU.ActiveCfg = Debug|Any CPU
		{AE04DC7A-6D68-4F7B-9EA4-0BFAFA73E7AB}.Debug|Any CPU.Build.0 = Debug|Any CPU
		{AE04DC7A-6D68-4F7B-9EA4-0BFAFA73E7AB}.Release|Any CPU.ActiveCfg = Release|Any CPU
		{AE04DC7A-6D68-4F7B-9EA4-0BFAFA73E7AB}.Release|Any CPU.Build.0 = Release|Any CPU
		{469E0B66-69F0-4840-AB16-6C93CF39B9FB}.Debug|Any CPU.ActiveCfg = Debug|Any CPU
		{469E0B66-69F0-4840-AB16-6C93CF39B9FB}.Debug|Any CPU.Build.0 = Debug|Any CPU
		{469E0B66-69F0-4840-AB16-6C93CF39B9FB}.Release|Any CPU.ActiveCfg = Release|Any CPU
		{469E0B66-69F0-4840-AB16-6C93CF39B9FB}.Release|Any CPU.Build.0 = Release|Any CPU
		{6F493C91-A836-4E0B-A2C5-7261C168FB6B}.Debug|Any CPU.ActiveCfg = Debug|Any CPU
		{6F493C91-A836-4E0B-A2C5-7261C168FB6B}.Debug|Any CPU.Build.0 = Debug|Any CPU
		{6F493C91-A836-4E0B-A2C5-7261C168FB6B}.Release|Any CPU.ActiveCfg = Release|Any CPU
		{6F493C91-A836-4E0B-A2C5-7261C168FB6B}.Release|Any CPU.Build.0 = Release|Any CPU
		{41CAC4FC-24A9-4F6B-9E1D-DE9D5DDD8C5A}.Debug|Any CPU.ActiveCfg = Debug|Any CPU
		{41CAC4FC-24A9-4F6B-9E1D-DE9D5DDD8C5A}.Debug|Any CPU.Build.0 = Debug|Any CPU
		{41CAC4FC-24A9-4F6B-9E1D-DE9D5DDD8C5A}.Release|Any CPU.ActiveCfg = Release|Any CPU
		{41CAC4FC-24A9-4F6B-9E1D-DE9D5DDD8C5A}.Release|Any CPU.Build.0 = Release|Any CPU
		{076B4DFF-BD5F-444D-83B7-3B88D91BC11F}.Debug|Any CPU.ActiveCfg = Debug|Any CPU
		{076B4DFF-BD5F-444D-83B7-3B88D91BC11F}.Debug|Any CPU.Build.0 = Debug|Any CPU
		{076B4DFF-BD5F-444D-83B7-3B88D91BC11F}.Release|Any CPU.ActiveCfg = Release|Any CPU
		{076B4DFF-BD5F-444D-83B7-3B88D91BC11F}.Release|Any CPU.Build.0 = Release|Any CPU
	EndGlobalSection
	GlobalSection(NestedProjects) = preSolution
		{EA3D4287-DDB1-43DF-A54C-E331016DC07B} = {E8EED01C-1430-40AA-B008-5F4D0D58DCFD}
		{FDF699DA-7D6F-4023-AAFA-508E10C5021A} = {E8EED01C-1430-40AA-B008-5F4D0D58DCFD}
		{12CF7498-48EC-4F13-9C47-AC0873EA9B60} = {E8EED01C-1430-40AA-B008-5F4D0D58DCFD}
		{15CFAAC0-72DF-4D63-B8A6-D4C88F4BC0A7} = {075D6A55-B3F3-4D1C-AADE-E74223C881B9}
		{7672E622-7752-40C9-BCED-12F7E03A1228} = {15CFAAC0-72DF-4D63-B8A6-D4C88F4BC0A7}
		{47051C5F-729E-4221-A9C4-8D3584C39AEE} = {0848F458-FED8-4EDA-99D0-47764FEA0B6D}
		{8525E9B3-291D-488D-9552-A8E9AD56FE2D} = {0848F458-FED8-4EDA-99D0-47764FEA0B6D}
		{1233C841-C58E-4BC8-906E-5BE6EB6E55C1} = {47051C5F-729E-4221-A9C4-8D3584C39AEE}
		{FEA733E5-EAB7-43AF-8133-325503A5E4D4} = {47051C5F-729E-4221-A9C4-8D3584C39AEE}
		{C0CE2509-681E-4A93-B075-BFF15EC4F879} = {0307CD81-6A7D-4761-BE71-F5EBBCCC2EE3}
		{72F7D563-BE94-4860-A68C-9F938771164F} = {C0CE2509-681E-4A93-B075-BFF15EC4F879}
		{25C5D22D-75B7-4179-8639-E37FEF7C5366} = {C0CE2509-681E-4A93-B075-BFF15EC4F879}
		{C91A5E3F-6020-4645-84D7-BC1E71D6E2EC} = {8525E9B3-291D-488D-9552-A8E9AD56FE2D}
		{132AF4D1-7BDC-4A2B-9531-4D46924C361A} = {C91A5E3F-6020-4645-84D7-BC1E71D6E2EC}
		{BE38AB1D-F023-4C82-A7CC-EA10714195CA} = {EA3D4287-DDB1-43DF-A54C-E331016DC07B}
		{E107DD8B-4C37-419A-A9F8-0600101B23FE} = {FDF699DA-7D6F-4023-AAFA-508E10C5021A}
		{4600D02E-691B-41DD-BED3-893AAE825573} = {12CF7498-48EC-4F13-9C47-AC0873EA9B60}
		{70240308-1F47-493E-98DF-8D56E61F3498} = {0848F458-FED8-4EDA-99D0-47764FEA0B6D}
		{89197932-440A-4944-9288-7988A5C30C9B} = {70240308-1F47-493E-98DF-8D56E61F3498}
		{B09E538E-4873-4838-9797-4FAA8A243B63} = {70240308-1F47-493E-98DF-8D56E61F3498}
		{82B3E609-65A4-45C5-8A28-4693DD6CA4AA} = {0848F458-FED8-4EDA-99D0-47764FEA0B6D}
		{7BAADA4B-3FDE-4FBC-A6F8-018918921DD6} = {0848F458-FED8-4EDA-99D0-47764FEA0B6D}
		{7B8C5E97-3C57-40B2-A872-AA1A745B0F71} = {0848F458-FED8-4EDA-99D0-47764FEA0B6D}
		{C740CBFB-BFEF-4CD4-A3EC-F652A17F8727} = {0848F458-FED8-4EDA-99D0-47764FEA0B6D}
		{FCFF9B9D-7B9B-4BB7-A508-00A8941ABF12} = {82B3E609-65A4-45C5-8A28-4693DD6CA4AA}
		{6EE9F076-918F-43B9-8407-2FAE19D8F9F5} = {82B3E609-65A4-45C5-8A28-4693DD6CA4AA}
		{CEF88152-FCA9-49FE-B5C0-2CC18B4659C5} = {7BAADA4B-3FDE-4FBC-A6F8-018918921DD6}
		{AE04DC7A-6D68-4F7B-9EA4-0BFAFA73E7AB} = {7BAADA4B-3FDE-4FBC-A6F8-018918921DD6}
		{469E0B66-69F0-4840-AB16-6C93CF39B9FB} = {7B8C5E97-3C57-40B2-A872-AA1A745B0F71}
		{6F493C91-A836-4E0B-A2C5-7261C168FB6B} = {7B8C5E97-3C57-40B2-A872-AA1A745B0F71}
		{41CAC4FC-24A9-4F6B-9E1D-DE9D5DDD8C5A} = {C740CBFB-BFEF-4CD4-A3EC-F652A17F8727}
		{076B4DFF-BD5F-444D-83B7-3B88D91BC11F} = {C740CBFB-BFEF-4CD4-A3EC-F652A17F8727}
	EndGlobalSection
EndGlobal
